
Microsoft Visual Studio Solution File, Format Version 12.00
# Visual Studio Version 17
VisualStudioVersion = 17.0.31903.59
MinimumVisualStudioVersion = 10.0.40219.1
Project("{2150E333-8FDC-42A3-9474-1A3956D46DE8}") = "src", "src", "{827E0CD3-B72D-47B6-A68D-7590B98EB39B}"
EndProject
Project("{FAE04EC0-301F-11D3-BF4B-00C04F79EFBC}") = "Bussola.Domain", "src\Bussola.Domain\Bussola.Domain.csproj", "{01F9BE87-70B2-49AF-AC46-AF361D5E4C85}"
EndProject
Project("{FAE04EC0-301F-11D3-BF4B-00C04F79EFBC}") = "Bussola.Application", "src\Bussola.Application\Bussola.Application.csproj", "{BF5291AB-2A97-4F08-A6BC-BFB0CF5CF998}"
EndProject
Project("{FAE04EC0-301F-11D3-BF4B-00C04F79EFBC}") = "Bussola.Infrastructure", "src\Bussola.Infrastructure\Bussola.Infrastructure.csproj", "{32634677-6E3F-4122-989D-AC02EDEC17E5}"
EndProject
Project("{FAE04EC0-301F-11D3-BF4B-00C04F79EFBC}") = "Bussola.Api", "src\Bussola.Api\Bussola.Api.csproj", "{E5F27666-9E27-44DA-98E7-9A29F6B1489F}"
EndProject
Project("{2150E333-8FDC-42A3-9474-1A3956D46DE8}") = "tests", "tests", "{0AB3BF05-4346-4AA6-1389-037BE0695223}"
EndProject
Project("{FAE04EC0-301F-11D3-BF4B-00C04F79EFBC}") = "Bussola.Domain.Tests", "tests\Bussola.Domain.Tests\Bussola.Domain.Tests.csproj", "{F5ACF19E-5C74-4D48-B244-506B704CA446}"
EndProject
Global
	GlobalSection(SolutionConfigurationPlatforms) = preSolution
		Debug|Any CPU = Debug|Any CPU
		Debug|x64 = Debug|x64
		Debug|x86 = Debug|x86
		Release|Any CPU = Release|Any CPU
		Release|x64 = Release|x64
		Release|x86 = Release|x86
	EndGlobalSection
	GlobalSection(ProjectConfigurationPlatforms) = postSolution
		{01F9BE87-70B2-49AF-AC46-AF361D5E4C85}.Debug|Any CPU.ActiveCfg = Debug|Any CPU
		{01F9BE87-70B2-49AF-AC46-AF361D5E4C85}.Debug|Any CPU.Build.0 = Debug|Any CPU
		{01F9BE87-70B2-49AF-AC46-AF361D5E4C85}.Debug|x64.ActiveCfg = Debug|Any CPU
		{01F9BE87-70B2-49AF-AC46-AF361D5E4C85}.Debug|x64.Build.0 = Debug|Any CPU
		{01F9BE87-70B2-49AF-AC46-AF361D5E4C85}.Debug|x86.ActiveCfg = Debug|Any CPU
		{01F9BE87-70B2-49AF-AC46-AF361D5E4C85}.Debug|x86.Build.0 = Debug|Any CPU
		{01F9BE87-70B2-49AF-AC46-AF361D5E4C85}.Release|Any CPU.ActiveCfg = Release|Any CPU
		{01F9BE87-70B2-49AF-AC46-AF361D5E4C85}.Release|Any CPU.Build.0 = Release|Any CPU
		{01F9BE87-70B2-49AF-AC46-AF361D5E4C85}.Release|x64.ActiveCfg = Release|Any CPU
		{01F9BE87-70B2-49AF-AC46-AF361D5E4C85}.Release|x64.Build.0 = Release|Any CPU
		{01F9BE87-70B2-49AF-AC46-AF361D5E4C85}.Release|x86.ActiveCfg = Release|Any CPU
		{01F9BE87-70B2-49AF-AC46-AF361D5E4C85}.Release|x86.Build.0 = Release|Any CPU
		{BF5291AB-2A97-4F08-A6BC-BFB0CF5CF998}.Debug|Any CPU.ActiveCfg = Debug|Any CPU
		{BF5291AB-2A97-4F08-A6BC-BFB0CF5CF998}.Debug|Any CPU.Build.0 = Debug|Any CPU
		{BF5291AB-2A97-4F08-A6BC-BFB0CF5CF998}.Debug|x64.ActiveCfg = Debug|Any CPU
		{BF5291AB-2A97-4F08-A6BC-BFB0CF5CF998}.Debug|x64.Build.0 = Debug|Any CPU
		{BF5291AB-2A97-4F08-A6BC-BFB0CF5CF998}.Debug|x86.ActiveCfg = Debug|Any CPU
		{BF5291AB-2A97-4F08-A6BC-BFB0CF5CF998}.Debug|x86.Build.0 = Debug|Any CPU
		{BF5291AB-2A97-4F08-A6BC-BFB0CF5CF998}.Release|Any CPU.ActiveCfg = Release|Any CPU
		{BF5291AB-2A97-4F08-A6BC-BFB0CF5CF998}.Release|Any CPU.Build.0 = Release|Any CPU
		{BF5291AB-2A97-4F08-A6BC-BFB0CF5CF998}.Release|x64.ActiveCfg = Release|Any CPU
		{BF5291AB-2A97-4F08-A6BC-BFB0CF5CF998}.Release|x64.Build.0 = Release|Any CPU
		{BF5291AB-2A97-4F08-A6BC-BFB0CF5CF998}.Release|x86.ActiveCfg = Release|Any CPU
		{BF5291AB-2A97-4F08-A6BC-BFB0CF5CF998}.Release|x86.Build.0 = Release|Any CPU
		{32634677-6E3F-4122-989D-AC02EDEC17E5}.Debug|Any CPU.ActiveCfg = Debug|Any CPU
		{32634677-6E3F-4122-989D-AC02EDEC17E5}.Debug|Any CPU.Build.0 = Debug|Any CPU
		{32634677-6E3F-4122-989D-AC02EDEC17E5}.Debug|x64.ActiveCfg = Debug|Any CPU
		{32634677-6E3F-4122-989D-AC02EDEC17E5}.Debug|x64.Build.0 = Debug|Any CPU
		{32634677-6E3F-4122-989D-AC02EDEC17E5}.Debug|x86.ActiveCfg = Debug|Any CPU
		{32634677-6E3F-4122-989D-AC02EDEC17E5}.Debug|x86.Build.0 = Debug|Any CPU
		{32634677-6E3F-4122-989D-AC02EDEC17E5}.Release|Any CPU.ActiveCfg = Release|Any CPU
		{32634677-6E3F-4122-989D-AC02EDEC17E5}.Release|Any CPU.Build.0 = Release|Any CPU
		{32634677-6E3F-4122-989D-AC02EDEC17E5}.Release|x64.ActiveCfg = Release|Any CPU
		{32634677-6E3F-4122-989D-AC02EDEC17E5}.Release|x64.Build.0 = Release|Any CPU
		{32634677-6E3F-4122-989D-AC02EDEC17E5}.Release|x86.ActiveCfg = Release|Any CPU
		{32634677-6E3F-4122-989D-AC02EDEC17E5}.Release|x86.Build.0 = Release|Any CPU
		{E5F27666-9E27-44DA-98E7-9A29F6B1489F}.Debug|Any CPU.ActiveCfg = Debug|Any CPU
		{E5F27666-9E27-44DA-98E7-9A29F6B1489F}.Debug|Any CPU.Build.0 = Debug|Any CPU
		{E5F27666-9E27-44DA-98E7-9A29F6B1489F}.Debug|x64.ActiveCfg = Debug|Any CPU
		{E5F27666-9E27-44DA-98E7-9A29F6B1489F}.Debug|x64.Build.0 = Debug|Any CPU
		{E5F27666-9E27-44DA-98E7-9A29F6B1489F}.Debug|x86.ActiveCfg = Debug|Any CPU
		{E5F27666-9E27-44DA-98E7-9A29F6B1489F}.Debug|x86.Build.0 = Debug|Any CPU
		{E5F27666-9E27-44DA-98E7-9A29F6B1489F}.Release|Any CPU.ActiveCfg = Release|Any CPU
		{E5F27666-9E27-44DA-98E7-9A29F6B1489F}.Release|Any CPU.Build.0 = Release|Any CPU
		{E5F27666-9E27-44DA-98E7-9A29F6B1489F}.Release|x64.ActiveCfg = Release|Any CPU
		{E5F27666-9E27-44DA-98E7-9A29F6B1489F}.Release|x64.Build.0 = Release|Any CPU
		{E5F27666-9E27-44DA-98E7-9A29F6B1489F}.Release|x86.ActiveCfg = Release|Any CPU
		{E5F27666-9E27-44DA-98E7-9A29F6B1489F}.Release|x86.Build.0 = Release|Any CPU
		{F5ACF19E-5C74-4D48-B244-506B704CA446}.Debug|Any CPU.ActiveCfg = Debug|Any CPU
		{F5ACF19E-5C74-4D48-B244-506B704CA446}.Debug|Any CPU.Build.0 = Debug|Any CPU
		{F5ACF19E-5C74-4D48-B244-506B704CA446}.Debug|x64.ActiveCfg = Debug|Any CPU
		{F5ACF19E-5C74-4D48-B244-506B704CA446}.Debug|x64.Build.0 = Debug|Any CPU
		{F5ACF19E-5C74-4D48-B244-506B704CA446}.Debug|x86.ActiveCfg = Debug|Any CPU
		{F5ACF19E-5C74-4D48-B244-506B704CA446}.Debug|x86.Build.0 = Debug|Any CPU
		{F5ACF19E-5C74-4D48-B244-506B704CA446}.Release|Any CPU.ActiveCfg = Release|Any CPU
		{F5ACF19E-5C74-4D48-B244-506B704CA446}.Release|Any CPU.Build.0 = Release|Any CPU
		{F5ACF19E-5C74-4D48-B244-506B704CA446}.Release|x64.ActiveCfg = Release|Any CPU
		{F5ACF19E-5C74-4D48-B244-506B704CA446}.Release|x64.Build.0 = Release|Any CPU
		{F5ACF19E-5C74-4D48-B244-506B704CA446}.Release|x86.ActiveCfg = Release|Any CPU
		{F5ACF19E-5C74-4D48-B244-506B704CA446}.Release|x86.Build.0 = Release|Any CPU
	EndGlobalSection
	GlobalSection(SolutionProperties) = preSolution
		HideSolutionNode = FALSE
	EndGlobalSection
	GlobalSection(NestedProjects) = preSolution
		{01F9BE87-70B2-49AF-AC46-AF361D5E4C85} = {827E0CD3-B72D-47B6-A68D-7590B98EB39B}
		{BF5291AB-2A97-4F08-A6BC-BFB0CF5CF998} = {827E0CD3-B72D-47B6-A68D-7590B98EB39B}
		{32634677-6E3F-4122-989D-AC02EDEC17E5} = {827E0CD3-B72D-47B6-A68D-7590B98EB39B}
		{E5F27666-9E27-44DA-98E7-9A29F6B1489F} = {827E0CD3-B72D-47B6-A68D-7590B98EB39B}
		{F5ACF19E-5C74-4D48-B244-506B704CA446} = {0AB3BF05-4346-4AA6-1389-037BE0695223}
	EndGlobalSection
EndGlobal
